
Microsoft Visual Studio Solution File, Format Version 12.00
# Visual Studio Version 16
VisualStudioVersion = 16.0.31702.278
MinimumVisualStudioVersion = 10.0.40219.1
Project("{FAE04EC0-301F-11D3-BF4B-00C04F79EFBC}") = "TaskCreation", "TaskCreation\TaskCreation.csproj", "{26727322-6B28-4F87-9142-CE76852240C6}"
EndProject
Project("{FAE04EC0-301F-11D3-BF4B-00C04F79EFBC}") = "TaskCreationLambda", "TaskCreationLambda\TaskCreationLambda.csproj", "{58BA0DEA-7F21-4EAF-A2F9-DFC77C1BC033}"
EndProject
Project("{FAE04EC0-301F-11D3-BF4B-00C04F79EFBC}") = "TaskWait", "TaskWait\TaskWait.csproj", "{7C053D6D-5A86-4148-88AE-D3BC4F34D34C}"
EndProject
Global
	GlobalSection(SolutionConfigurationPlatforms) = preSolution
		Debug|Any CPU = Debug|Any CPU
		Release|Any CPU = Release|Any CPU
	EndGlobalSection
	GlobalSection(ProjectConfigurationPlatforms) = postSolution
		{26727322-6B28-4F87-9142-CE76852240C6}.Debug|Any CPU.ActiveCfg = Debug|Any CPU
		{26727322-6B28-4F87-9142-CE76852240C6}.Debug|Any CPU.Build.0 = Debug|Any CPU
		{26727322-6B28-4F87-9142-CE76852240C6}.Release|Any CPU.ActiveCfg = Release|Any CPU
		{26727322-6B28-4F87-9142-CE76852240C6}.Release|Any CPU.Build.0 = Release|Any CPU
		{58BA0DEA-7F21-4EAF-A2F9-DFC77C1BC033}.Debug|Any CPU.ActiveCfg = Debug|Any CPU
		{58BA0DEA-7F21-4EAF-A2F9-DFC77C1BC033}.Debug|Any CPU.Build.0 = Debug|Any CPU
		{58BA0DEA-7F21-4EAF-A2F9-DFC77C1BC033}.Release|Any CPU.ActiveCfg = Release|Any CPU
		{58BA0DEA-7F21-4EAF-A2F9-DFC77C1BC033}.Release|Any CPU.Build.0 = Release|Any CPU
		{7C053D6D-5A86-4148-88AE-D3BC4F34D34C}.Debug|Any CPU.ActiveCfg = Debug|Any CPU
		{7C053D6D-5A86-4148-88AE-D3BC4F34D34C}.Debug|Any CPU.Build.0 = Debug|Any CPU
		{7C053D6D-5A86-4148-88AE-D3BC4F34D34C}.Release|Any CPU.ActiveCfg = Release|Any CPU
		{7C053D6D-5A86-4148-88AE-D3BC4F34D34C}.Release|Any CPU.Build.0 = Release|Any CPU
	EndGlobalSection
	GlobalSection(SolutionProperties) = preSolution
		HideSolutionNode = FALSE
	EndGlobalSection
	GlobalSection(ExtensibilityGlobals) = postSolution
		SolutionGuid = {A44F31D4-BB8F-4F34-B9BA-D8FB4004C3DF}
	EndGlobalSection
EndGlobal
