
Microsoft Visual Studio Solution File, Format Version 12.00
# Visual Studio Version 16
VisualStudioVersion = 16.0.31624.102
MinimumVisualStudioVersion = 10.0.40219.1
Project("{FAE04EC0-301F-11D3-BF4B-00C04F79EFBC}") = "SimpleThread", "SimpleThread\SimpleThread.csproj", "{9C980C0D-F9B0-4E27-8F54-8867B290C00C}"
EndProject
Project("{FAE04EC0-301F-11D3-BF4B-00C04F79EFBC}") = "ThreadWithParameters", "ThreadWithParameters\ThreadWithParameters.csproj", "{F2091166-6F75-481B-901D-128AED31207B}"
EndProject
Project("{FAE04EC0-301F-11D3-BF4B-00C04F79EFBC}") = "CancelThread", "CancelThread\CancelThread.csproj", "{02AA3395-9ADD-4E54-BFD4-35BED452BB08}"
EndProject
Project("{FAE04EC0-301F-11D3-BF4B-00C04F79EFBC}") = "ThreadPoolWithQueue", "ThreadPoolWithQueue\ThreadPoolWithQueue.csproj", "{2507C788-4E89-42B0-AFF8-563A8C9F1E30}"
EndProject
Project("{FAE04EC0-301F-11D3-BF4B-00C04F79EFBC}") = "ThreadPoolWithDelegate", "ThreadPoolWithDelegate\ThreadPoolWithDelegate.csproj", "{8AEE0C1D-81C4-45E5-A655-58CD70981EC5}"
EndProject
Project("{FAE04EC0-301F-11D3-BF4B-00C04F79EFBC}") = "ThreadPoolWithTask", "ThreadPoolWithTask\ThreadPoolWithTask.csproj", "{1D7D9BAF-1121-4EA9-917F-D3B2FC8F2DD4}"
EndProject
Global
	GlobalSection(SolutionConfigurationPlatforms) = preSolution
		Debug|Any CPU = Debug|Any CPU
		Release|Any CPU = Release|Any CPU
	EndGlobalSection
	GlobalSection(ProjectConfigurationPlatforms) = postSolution
		{9C980C0D-F9B0-4E27-8F54-8867B290C00C}.Debug|Any CPU.ActiveCfg = Debug|Any CPU
		{9C980C0D-F9B0-4E27-8F54-8867B290C00C}.Debug|Any CPU.Build.0 = Debug|Any CPU
		{9C980C0D-F9B0-4E27-8F54-8867B290C00C}.Release|Any CPU.ActiveCfg = Release|Any CPU
		{9C980C0D-F9B0-4E27-8F54-8867B290C00C}.Release|Any CPU.Build.0 = Release|Any CPU
		{F2091166-6F75-481B-901D-128AED31207B}.Debug|Any CPU.ActiveCfg = Debug|Any CPU
		{F2091166-6F75-481B-901D-128AED31207B}.Debug|Any CPU.Build.0 = Debug|Any CPU
		{F2091166-6F75-481B-901D-128AED31207B}.Release|Any CPU.ActiveCfg = Release|Any CPU
		{F2091166-6F75-481B-901D-128AED31207B}.Release|Any CPU.Build.0 = Release|Any CPU
		{02AA3395-9ADD-4E54-BFD4-35BED452BB08}.Debug|Any CPU.ActiveCfg = Debug|Any CPU
		{02AA3395-9ADD-4E54-BFD4-35BED452BB08}.Debug|Any CPU.Build.0 = Debug|Any CPU
		{02AA3395-9ADD-4E54-BFD4-35BED452BB08}.Release|Any CPU.ActiveCfg = Release|Any CPU
		{02AA3395-9ADD-4E54-BFD4-35BED452BB08}.Release|Any CPU.Build.0 = Release|Any CPU
		{2507C788-4E89-42B0-AFF8-563A8C9F1E30}.Debug|Any CPU.ActiveCfg = Debug|Any CPU
		{2507C788-4E89-42B0-AFF8-563A8C9F1E30}.Debug|Any CPU.Build.0 = Debug|Any CPU
		{2507C788-4E89-42B0-AFF8-563A8C9F1E30}.Release|Any CPU.ActiveCfg = Release|Any CPU
		{2507C788-4E89-42B0-AFF8-563A8C9F1E30}.Release|Any CPU.Build.0 = Release|Any CPU
		{8AEE0C1D-81C4-45E5-A655-58CD70981EC5}.Debug|Any CPU.ActiveCfg = Debug|Any CPU
		{8AEE0C1D-81C4-45E5-A655-58CD70981EC5}.Debug|Any CPU.Build.0 = Debug|Any CPU
		{8AEE0C1D-81C4-45E5-A655-58CD70981EC5}.Release|Any CPU.ActiveCfg = Release|Any CPU
		{8AEE0C1D-81C4-45E5-A655-58CD70981EC5}.Release|Any CPU.Build.0 = Release|Any CPU
		{1D7D9BAF-1121-4EA9-917F-D3B2FC8F2DD4}.Debug|Any CPU.ActiveCfg = Debug|Any CPU
		{1D7D9BAF-1121-4EA9-917F-D3B2FC8F2DD4}.Debug|Any CPU.Build.0 = Debug|Any CPU
		{1D7D9BAF-1121-4EA9-917F-D3B2FC8F2DD4}.Release|Any CPU.ActiveCfg = Release|Any CPU
		{1D7D9BAF-1121-4EA9-917F-D3B2FC8F2DD4}.Release|Any CPU.Build.0 = Release|Any CPU
	EndGlobalSection
	GlobalSection(SolutionProperties) = preSolution
		HideSolutionNode = FALSE
	EndGlobalSection
	GlobalSection(ExtensibilityGlobals) = postSolution
		SolutionGuid = {EDC91C1C-AEDA-4371-9A2B-674C6C876CB5}
	EndGlobalSection
EndGlobal
