
Microsoft Visual Studio Solution File, Format Version 12.00
# Visual Studio Version 16
VisualStudioVersion = 16.0.31702.278
MinimumVisualStudioVersion = 10.0.40219.1
Project("{FAE04EC0-301F-11D3-BF4B-00C04F79EFBC}") = "SimpleDelegate", "SimpleDelegate\SimpleDelegate.csproj", "{D7BCC282-24D2-476C-9990-0D044A72831C}"
EndProject
Project("{FAE04EC0-301F-11D3-BF4B-00C04F79EFBC}") = "LambdaDelegate", "LambdaDelegate\LambdaDelegate.csproj", "{DE0CD0C3-FAE0-490C-8298-56F4096B8985}"
EndProject
Project("{FAE04EC0-301F-11D3-BF4B-00C04F79EFBC}") = "AnonymousMethodDelegate", "AnonymousMethodDelegate\AnonymousMethodDelegate.csproj", "{EBB82E44-8DF4-4E2E-97BD-670945F86E81}"
EndProject
Project("{FAE04EC0-301F-11D3-BF4B-00C04F79EFBC}") = "MulticastDelegate", "MulticastDelegate\MulticastDelegate.csproj", "{76AE3C18-514D-4AFF-BB4F-50BE3C884773}"
EndProject
Global
	GlobalSection(SolutionConfigurationPlatforms) = preSolution
		Debug|Any CPU = Debug|Any CPU
		Release|Any CPU = Release|Any CPU
	EndGlobalSection
	GlobalSection(ProjectConfigurationPlatforms) = postSolution
		{D7BCC282-24D2-476C-9990-0D044A72831C}.Debug|Any CPU.ActiveCfg = Debug|Any CPU
		{D7BCC282-24D2-476C-9990-0D044A72831C}.Debug|Any CPU.Build.0 = Debug|Any CPU
		{D7BCC282-24D2-476C-9990-0D044A72831C}.Release|Any CPU.ActiveCfg = Release|Any CPU
		{D7BCC282-24D2-476C-9990-0D044A72831C}.Release|Any CPU.Build.0 = Release|Any CPU
		{DE0CD0C3-FAE0-490C-8298-56F4096B8985}.Debug|Any CPU.ActiveCfg = Debug|Any CPU
		{DE0CD0C3-FAE0-490C-8298-56F4096B8985}.Debug|Any CPU.Build.0 = Debug|Any CPU
		{DE0CD0C3-FAE0-490C-8298-56F4096B8985}.Release|Any CPU.ActiveCfg = Release|Any CPU
		{DE0CD0C3-FAE0-490C-8298-56F4096B8985}.Release|Any CPU.Build.0 = Release|Any CPU
		{EBB82E44-8DF4-4E2E-97BD-670945F86E81}.Debug|Any CPU.ActiveCfg = Debug|Any CPU
		{EBB82E44-8DF4-4E2E-97BD-670945F86E81}.Debug|Any CPU.Build.0 = Debug|Any CPU
		{EBB82E44-8DF4-4E2E-97BD-670945F86E81}.Release|Any CPU.ActiveCfg = Release|Any CPU
		{EBB82E44-8DF4-4E2E-97BD-670945F86E81}.Release|Any CPU.Build.0 = Release|Any CPU
		{76AE3C18-514D-4AFF-BB4F-50BE3C884773}.Debug|Any CPU.ActiveCfg = Debug|Any CPU
		{76AE3C18-514D-4AFF-BB4F-50BE3C884773}.Debug|Any CPU.Build.0 = Debug|Any CPU
		{76AE3C18-514D-4AFF-BB4F-50BE3C884773}.Release|Any CPU.ActiveCfg = Release|Any CPU
		{76AE3C18-514D-4AFF-BB4F-50BE3C884773}.Release|Any CPU.Build.0 = Release|Any CPU
	EndGlobalSection
	GlobalSection(SolutionProperties) = preSolution
		HideSolutionNode = FALSE
	EndGlobalSection
	GlobalSection(ExtensibilityGlobals) = postSolution
		SolutionGuid = {679DB1A5-51D0-401F-B10E-71E025A0BC0F}
	EndGlobalSection
EndGlobal
